
Microsoft Visual Studio Solution File, Format Version 12.00
# Visual Studio Version 17
VisualStudioVersion = 17.1.32421.90
MinimumVisualStudioVersion = 10.0.40219.1
Project("{9A19103F-16F7-4668-BE54-9A1E7A4F7556}") = "ScrabbleLibrary", "ScrabbleLibrary\ScrabbleLibrary.csproj", "{5E39582E-822A-4FB5-B60F-1AFC11AAAEB5}"
EndProject
Project("{FAE04EC0-301F-11D3-BF4B-00C04F79EFBC}") = "ScrabbleClient", "ScrabbleClient\ScrabbleClient.csproj", "{32A4514C-D0AB-4C0F-92B1-FEE44A196852}"
EndProject
Global
	GlobalSection(SolutionConfigurationPlatforms) = preSolution
		Debug|Any CPU = Debug|Any CPU
		Release|Any CPU = Release|Any CPU
	EndGlobalSection
	GlobalSection(ProjectConfigurationPlatforms) = postSolution
		{5E39582E-822A-4FB5-B60F-1AFC11AAAEB5}.Debug|Any CPU.ActiveCfg = Debug|Any CPU
		{5E39582E-822A-4FB5-B60F-1AFC11AAAEB5}.Debug|Any CPU.Build.0 = Debug|Any CPU
		{5E39582E-822A-4FB5-B60F-1AFC11AAAEB5}.Release|Any CPU.ActiveCfg = Release|Any CPU
		{5E39582E-822A-4FB5-B60F-1AFC11AAAEB5}.Release|Any CPU.Build.0 = Release|Any CPU
		{32A4514C-D0AB-4C0F-92B1-FEE44A196852}.Debug|Any CPU.ActiveCfg = Debug|Any CPU
		{32A4514C-D0AB-4C0F-92B1-FEE44A196852}.Debug|Any CPU.Build.0 = Debug|Any CPU
		{32A4514C-D0AB-4C0F-92B1-FEE44A196852}.Release|Any CPU.ActiveCfg = Release|Any CPU
		{32A4514C-D0AB-4C0F-92B1-FEE44A196852}.Release|Any CPU.Build.0 = Release|Any CPU
	EndGlobalSection
	GlobalSection(SolutionProperties) = preSolution
		HideSolutionNode = FALSE
	EndGlobalSection
	GlobalSection(ExtensibilityGlobals) = postSolution
		SolutionGuid = {4A7F2735-2BBF-4C07-BB7B-DEF7D9D4CCE5}
	EndGlobalSection
EndGlobal
